// !$*UTF8*$!
{
	archiveVersion = 1;
	classes = {
	};
	objectVersion = 46;
	objects = {

/* Begin PBXBuildFile section */
		2F4E62E015C67F0B008815F9 /* QuartzCore.framework in Frameworks */ = {isa = PBXBuildFile; fileRef = 2F4E62DF15C67F0B008815F9 /* QuartzCore.framework */; };
		2F4E62E115C67F5D008815F9 /* CSLinearLayoutItem.m in Sources */ = {isa = PBXBuildFile; fileRef = 470F860815C5D87B0073AD88 /* CSLinearLayoutItem.m */; };
		2F4E62E215C67F5D008815F9 /* CSLinearLayoutView.m in Sources */ = {isa = PBXBuildFile; fileRef = 470F860A15C5D87B0073AD88 /* CSLinearLayoutView.m */; };
		2F7DD68D15C15E30007BB3BE /* DUUser.m in Sources */ = {isa = PBXBuildFile; fileRef = 2F7DD68C15C15E30007BB3BE /* DUUser.m */; };
		2F7DD69A15C16CBB007BB3BE /* DUEventXMLParser.m in Sources */ = {isa = PBXBuildFile; fileRef = 2F7DD69915C16CBB007BB3BE /* DUEventXMLParser.m */; };
		2F7DD69E15C1757D007BB3BE /* DUNetworkedDataProvider.m in Sources */ = {isa = PBXBuildFile; fileRef = 2F7DD69D15C1757D007BB3BE /* DUNetworkedDataProvider.m */; };
		2F7DD6A115C193C6007BB3BE /* DUDataSingleton.m in Sources */ = {isa = PBXBuildFile; fileRef = 2F7DD6A015C193C6007BB3BE /* DUDataSingleton.m */; };
		2FCCAE1915C2A60300CC3D61 /* DUCustomEventTableViewCell.xib in Resources */ = {isa = PBXBuildFile; fileRef = 2FCCAE1815C2A60300CC3D61 /* DUCustomEventTableViewCell.xib */; };
		2FCCAE1C15C2DA9E00CC3D61 /* Reachability.m in Sources */ = {isa = PBXBuildFile; fileRef = 2FCCAE1B15C2DA9E00CC3D61 /* Reachability.m */; settings = {COMPILER_FLAGS = "-fno-objc-arc"; }; };
		2FCCAE1E15C2DAC400CC3D61 /* SystemConfiguration.framework in Frameworks */ = {isa = PBXBuildFile; fileRef = 2FCCAE1D15C2DAC400CC3D61 /* SystemConfiguration.framework */; };
		2FD405F115ECEABC00F5B8A6 /* DUSocietyXMLParser.m in Sources */ = {isa = PBXBuildFile; fileRef = 2FD405F015ECEABC00F5B8A6 /* DUSocietyXMLParser.m */; };
		2FDC2FC715E237DB0026B917 /* DUReview.m in Sources */ = {isa = PBXBuildFile; fileRef = 2FDC2FC615E237DB0026B917 /* DUReview.m */; };
		2FDC2FCA15E23D440026B917 /* DUSociety.m in Sources */ = {isa = PBXBuildFile; fileRef = 2FDC2FC915E23D440026B917 /* DUSociety.m */; };
		2FDC2FCD15E244480026B917 /* DULocation.m in Sources */ = {isa = PBXBuildFile; fileRef = 2FDC2FCC15E244480026B917 /* DULocation.m */; };
		2FE12A9D15C1462100B2C6F7 /* UIKit.framework in Frameworks */ = {isa = PBXBuildFile; fileRef = 2FE12A9C15C1462100B2C6F7 /* UIKit.framework */; };
		2FE12A9F15C1462100B2C6F7 /* Foundation.framework in Frameworks */ = {isa = PBXBuildFile; fileRef = 2FE12A9E15C1462100B2C6F7 /* Foundation.framework */; };
		2FE12AA115C1462100B2C6F7 /* CoreGraphics.framework in Frameworks */ = {isa = PBXBuildFile; fileRef = 2FE12AA015C1462100B2C6F7 /* CoreGraphics.framework */; };
		2FE12AA715C1462100B2C6F7 /* InfoPlist.strings in Resources */ = {isa = PBXBuildFile; fileRef = 2FE12AA515C1462100B2C6F7 /* InfoPlist.strings */; };
		2FE12AAA15C1462100B2C6F7 /* main.m in Sources */ = {isa = PBXBuildFile; fileRef = 2FE12AA915C1462100B2C6F7 /* main.m */; };
		2FE12AAD15C1462100B2C6F7 /* DUAppDelegate.m in Sources */ = {isa = PBXBuildFile; fileRef = 2FE12AAC15C1462100B2C6F7 /* DUAppDelegate.m */; };
		2FE12AB015C1462100B2C6F7 /* MainWindow.xib in Resources */ = {isa = PBXBuildFile; fileRef = 2FE12AAE15C1462100B2C6F7 /* MainWindow.xib */; };
		2FE12AB315C1462100B2C6F7 /* RootViewController.m in Sources */ = {isa = PBXBuildFile; fileRef = 2FE12AB215C1462100B2C6F7 /* RootViewController.m */; };
		2FE12AB615C1462100B2C6F7 /* RootViewController.xib in Resources */ = {isa = PBXBuildFile; fileRef = 2FE12AB415C1462100B2C6F7 /* RootViewController.xib */; };
		2FE12ABD15C1462100B2C6F7 /* UIKit.framework in Frameworks */ = {isa = PBXBuildFile; fileRef = 2FE12A9C15C1462100B2C6F7 /* UIKit.framework */; };
		2FE12ABE15C1462100B2C6F7 /* Foundation.framework in Frameworks */ = {isa = PBXBuildFile; fileRef = 2FE12A9E15C1462100B2C6F7 /* Foundation.framework */; };
		2FE12ABF15C1462100B2C6F7 /* CoreGraphics.framework in Frameworks */ = {isa = PBXBuildFile; fileRef = 2FE12AA015C1462100B2C6F7 /* CoreGraphics.framework */; };
		2FE12AC715C1462100B2C6F7 /* InfoPlist.strings in Resources */ = {isa = PBXBuildFile; fileRef = 2FE12AC515C1462100B2C6F7 /* InfoPlist.strings */; };
		2FE12ACA15C1462100B2C6F7 /* DuchessTests.h in Resources */ = {isa = PBXBuildFile; fileRef = 2FE12AC915C1462100B2C6F7 /* DuchessTests.h */; };
		2FE12ACC15C1462100B2C6F7 /* DuchessTests.m in Sources */ = {isa = PBXBuildFile; fileRef = 2FE12ACB15C1462100B2C6F7 /* DuchessTests.m */; };
		2FE12AE015C1497A00B2C6F7 /* DUEvent.m in Sources */ = {isa = PBXBuildFile; fileRef = 2FE12ADF15C1497A00B2C6F7 /* DUEvent.m */; };
		470F860B15C5D87B0073AD88 /* CSLinearLayoutItem.m in Sources */ = {isa = PBXBuildFile; fileRef = 470F860815C5D87B0073AD88 /* CSLinearLayoutItem.m */; };
		470F860C15C5D87B0073AD88 /* CSLinearLayoutView.m in Sources */ = {isa = PBXBuildFile; fileRef = 470F860A15C5D87B0073AD88 /* CSLinearLayoutView.m */; };
		4713B59515E92F5A00A45687 /* DashboardButtonBackgroundNormal.png in Resources */ = {isa = PBXBuildFile; fileRef = 4713B59315E92F5A00A45687 /* DashboardButtonBackgroundNormal.png */; };
		4713B59615E92F5A00A45687 /* DashboardButtonBackgroundSelected.png in Resources */ = {isa = PBXBuildFile; fileRef = 4713B59415E92F5A00A45687 /* DashboardButtonBackgroundSelected.png */; };
		4713B5A115E93B6200A45687 /* bookmark_dashboard_icon.png in Resources */ = {isa = PBXBuildFile; fileRef = 4713B59B15E93B6200A45687 /* bookmark_dashboard_icon.png */; };
		4713B5A215E93B6200A45687 /* browse_dashboard_icon.png in Resources */ = {isa = PBXBuildFile; fileRef = 4713B59C15E93B6200A45687 /* browse_dashboard_icon.png */; };
		4713B5A315E93B6200A45687 /* calendar_dashboard_icon.png in Resources */ = {isa = PBXBuildFile; fileRef = 4713B59D15E93B6200A45687 /* calendar_dashboard_icon.png */; };
		4713B5A415E93B6200A45687 /* college_dashboard_icon.png in Resources */ = {isa = PBXBuildFile; fileRef = 4713B59E15E93B6200A45687 /* college_dashboard_icon.png */; };
		4713B5A515E93B6200A45687 /* my_society_dashboard_icon.png in Resources */ = {isa = PBXBuildFile; fileRef = 4713B59F15E93B6200A45687 /* my_society_dashboard_icon.png */; };
		4713B5A615E93B6200A45687 /* society_dashboard_icon.png in Resources */ = {isa = PBXBuildFile; fileRef = 4713B5A015E93B6200A45687 /* society_dashboard_icon.png */; };
		4713B5AA15E95F5A00A45687 /* DUReviewXMLParser.m in Sources */ = {isa = PBXBuildFile; fileRef = 4713B5A915E95F5A00A45687 /* DUReviewXMLParser.m */; };
		4781009815EA8ADD002FBC67 /* DUEventListViewController.m in Sources */ = {isa = PBXBuildFile; fileRef = 4781009715EA8ADD002FBC67 /* DUEventListViewController.m */; };
		4781009C15EAD7F2002FBC67 /* DUCollegeEventsViewController.m in Sources */ = {isa = PBXBuildFile; fileRef = 4781009A15EAD7F2002FBC67 /* DUCollegeEventsViewController.m */; };
		4781009D15EAD7F2002FBC67 /* DUCollegeEventsViewController.xib in Resources */ = {isa = PBXBuildFile; fileRef = 4781009B15EAD7F2002FBC67 /* DUCollegeEventsViewController.xib */; };
		478100A415EAE4A7002FBC67 /* DUAboutViewController.m in Sources */ = {isa = PBXBuildFile; fileRef = 478100A215EAE4A7002FBC67 /* DUAboutViewController.m */; };
		478100A515EAE4A7002FBC67 /* DUAboutViewController.xib in Resources */ = {isa = PBXBuildFile; fileRef = 478100A315EAE4A7002FBC67 /* DUAboutViewController.xib */; };
		478CCEB115E2C3E400419CD7 /* DUDashboardViewController.m in Sources */ = {isa = PBXBuildFile; fileRef = 478CCEAF15E2C3E400419CD7 /* DUDashboardViewController.m */; };
		478CCEB215E2C3E400419CD7 /* DUDashboardView.xib in Resources */ = {isa = PBXBuildFile; fileRef = 478CCEB015E2C3E400419CD7 /* DUDashboardView.xib */; };
		4793FDB815E4EAFC007135BA /* DURoundedBorderLabel.m in Sources */ = {isa = PBXBuildFile; fileRef = 4793FDB715E4EAFC007135BA /* DURoundedBorderLabel.m */; };
		47E03FC815EB754300DC2250 /* DUEventDetailsViewController.m in Sources */ = {isa = PBXBuildFile; fileRef = 2FCCAE2215C2E7D600CC3D61 /* DUEventDetailsViewController.m */; };
		47E03FC915EB771500DC2250 /* DUEventDetailsView.xib in Resources */ = {isa = PBXBuildFile; fileRef = 2FCCAE2315C2E7D600CC3D61 /* DUEventDetailsView.xib */; };
		47E03FCC15EB7C0700DC2250 /* SessionHandler.m in Sources */ = {isa = PBXBuildFile; fileRef = 47E03FCB15EB7C0700DC2250 /* SessionHandler.m */; };
		47FF471A15E7F5F6002F10D6 /* DUDashboardBackground.m in Sources */ = {isa = PBXBuildFile; fileRef = 47FF471915E7F5F6002F10D6 /* DUDashboardBackground.m */; };
/* End PBXBuildFile section */

/* Begin PBXContainerItemProxy section */
		2FE12AC015C1462100B2C6F7 /* PBXContainerItemProxy */ = {
			isa = PBXContainerItemProxy;
			containerPortal = 2FE12A8F15C1462000B2C6F7 /* Project object */;
			proxyType = 1;
			remoteGlobalIDString = 2FE12A9715C1462000B2C6F7;
			remoteInfo = Duchess;
		};
/* End PBXContainerItemProxy section */

/* Begin PBXFileReference section */
		2F4E62DF15C67F0B008815F9 /* QuartzCore.framework */ = {isa = PBXFileReference; lastKnownFileType = wrapper.framework; name = QuartzCore.framework; path = System/Library/Frameworks/QuartzCore.framework; sourceTree = SDKROOT; };
		2F7DD68B15C15E30007BB3BE /* DUUser.h */ = {isa = PBXFileReference; fileEncoding = 4; lastKnownFileType = sourcecode.c.h; path = DUUser.h; sourceTree = "<group>"; };
		2F7DD68C15C15E30007BB3BE /* DUUser.m */ = {isa = PBXFileReference; fileEncoding = 4; lastKnownFileType = sourcecode.c.objc; path = DUUser.m; sourceTree = "<group>"; };
		2F7DD69815C16CBB007BB3BE /* DUEventXMLParser.h */ = {isa = PBXFileReference; fileEncoding = 4; lastKnownFileType = sourcecode.c.h; path = DUEventXMLParser.h; sourceTree = "<group>"; };
		2F7DD69915C16CBB007BB3BE /* DUEventXMLParser.m */ = {isa = PBXFileReference; fileEncoding = 4; lastKnownFileType = sourcecode.c.objc; path = DUEventXMLParser.m; sourceTree = "<group>"; };
		2F7DD69C15C1757D007BB3BE /* DUNetworkedDataProvider.h */ = {isa = PBXFileReference; fileEncoding = 4; lastKnownFileType = sourcecode.c.h; path = DUNetworkedDataProvider.h; sourceTree = "<group>"; };
		2F7DD69D15C1757D007BB3BE /* DUNetworkedDataProvider.m */ = {isa = PBXFileReference; fileEncoding = 4; lastKnownFileType = sourcecode.c.objc; path = DUNetworkedDataProvider.m; sourceTree = "<group>"; };
		2F7DD69F15C193C6007BB3BE /* DUDataSingleton.h */ = {isa = PBXFileReference; fileEncoding = 4; lastKnownFileType = sourcecode.c.h; path = DUDataSingleton.h; sourceTree = "<group>"; };
		2F7DD6A015C193C6007BB3BE /* DUDataSingleton.m */ = {isa = PBXFileReference; fileEncoding = 4; lastKnownFileType = sourcecode.c.objc; path = DUDataSingleton.m; sourceTree = "<group>"; };
		2FCCAE1815C2A60300CC3D61 /* DUCustomEventTableViewCell.xib */ = {isa = PBXFileReference; fileEncoding = 4; lastKnownFileType = file.xib; path = DUCustomEventTableViewCell.xib; sourceTree = "<group>"; };
		2FCCAE1A15C2DA9E00CC3D61 /* Reachability.h */ = {isa = PBXFileReference; fileEncoding = 4; lastKnownFileType = sourcecode.c.h; path = Reachability.h; sourceTree = "<group>"; };
		2FCCAE1B15C2DA9E00CC3D61 /* Reachability.m */ = {isa = PBXFileReference; fileEncoding = 4; lastKnownFileType = sourcecode.c.objc; path = Reachability.m; sourceTree = "<group>"; };
		2FCCAE1D15C2DAC400CC3D61 /* SystemConfiguration.framework */ = {isa = PBXFileReference; lastKnownFileType = wrapper.framework; name = SystemConfiguration.framework; path = System/Library/Frameworks/SystemConfiguration.framework; sourceTree = SDKROOT; };
		2FCCAE2115C2E7D600CC3D61 /* DUEventDetailsViewController.h */ = {isa = PBXFileReference; fileEncoding = 4; lastKnownFileType = sourcecode.c.h; path = DUEventDetailsViewController.h; sourceTree = "<group>"; };
		2FCCAE2215C2E7D600CC3D61 /* DUEventDetailsViewController.m */ = {isa = PBXFileReference; fileEncoding = 4; lastKnownFileType = sourcecode.c.objc; path = DUEventDetailsViewController.m; sourceTree = "<group>"; };
		2FCCAE2315C2E7D600CC3D61 /* DUEventDetailsView.xib */ = {isa = PBXFileReference; fileEncoding = 4; lastKnownFileType = file.xib; path = DUEventDetailsView.xib; sourceTree = "<group>"; };
		2FD405EF15ECEABC00F5B8A6 /* DUSocietyXMLParser.h */ = {isa = PBXFileReference; fileEncoding = 4; lastKnownFileType = sourcecode.c.h; path = DUSocietyXMLParser.h; sourceTree = "<group>"; };
		2FD405F015ECEABC00F5B8A6 /* DUSocietyXMLParser.m */ = {isa = PBXFileReference; fileEncoding = 4; lastKnownFileType = sourcecode.c.objc; path = DUSocietyXMLParser.m; sourceTree = "<group>"; };
		2FDC2FC515E237DB0026B917 /* DUReview.h */ = {isa = PBXFileReference; fileEncoding = 4; lastKnownFileType = sourcecode.c.h; path = DUReview.h; sourceTree = "<group>"; };
		2FDC2FC615E237DB0026B917 /* DUReview.m */ = {isa = PBXFileReference; fileEncoding = 4; lastKnownFileType = sourcecode.c.objc; path = DUReview.m; sourceTree = "<group>"; };
		2FDC2FC815E23D440026B917 /* DUSociety.h */ = {isa = PBXFileReference; fileEncoding = 4; lastKnownFileType = sourcecode.c.h; path = DUSociety.h; sourceTree = "<group>"; };
		2FDC2FC915E23D440026B917 /* DUSociety.m */ = {isa = PBXFileReference; fileEncoding = 4; lastKnownFileType = sourcecode.c.objc; path = DUSociety.m; sourceTree = "<group>"; };
		2FDC2FCB15E244480026B917 /* DULocation.h */ = {isa = PBXFileReference; fileEncoding = 4; lastKnownFileType = sourcecode.c.h; path = DULocation.h; sourceTree = "<group>"; };
		2FDC2FCC15E244480026B917 /* DULocation.m */ = {isa = PBXFileReference; fileEncoding = 4; lastKnownFileType = sourcecode.c.objc; path = DULocation.m; sourceTree = "<group>"; };
		2FE12A9815C1462000B2C6F7 /* Duchess.app */ = {isa = PBXFileReference; explicitFileType = wrapper.application; includeInIndex = 0; path = Duchess.app; sourceTree = BUILT_PRODUCTS_DIR; };
		2FE12A9C15C1462100B2C6F7 /* UIKit.framework */ = {isa = PBXFileReference; lastKnownFileType = wrapper.framework; name = UIKit.framework; path = System/Library/Frameworks/UIKit.framework; sourceTree = SDKROOT; };
		2FE12A9E15C1462100B2C6F7 /* Foundation.framework */ = {isa = PBXFileReference; lastKnownFileType = wrapper.framework; name = Foundation.framework; path = System/Library/Frameworks/Foundation.framework; sourceTree = SDKROOT; };
		2FE12AA015C1462100B2C6F7 /* CoreGraphics.framework */ = {isa = PBXFileReference; lastKnownFileType = wrapper.framework; name = CoreGraphics.framework; path = System/Library/Frameworks/CoreGraphics.framework; sourceTree = SDKROOT; };
		2FE12AA415C1462100B2C6F7 /* Duchess-Info.plist */ = {isa = PBXFileReference; lastKnownFileType = text.plist.xml; path = "Duchess-Info.plist"; sourceTree = "<group>"; };
		2FE12AA615C1462100B2C6F7 /* en */ = {isa = PBXFileReference; lastKnownFileType = text.plist.strings; name = en; path = en.lproj/InfoPlist.strings; sourceTree = "<group>"; };
		2FE12AA815C1462100B2C6F7 /* Duchess-Prefix.pch */ = {isa = PBXFileReference; lastKnownFileType = sourcecode.c.h; path = "Duchess-Prefix.pch"; sourceTree = "<group>"; };
		2FE12AA915C1462100B2C6F7 /* main.m */ = {isa = PBXFileReference; lastKnownFileType = sourcecode.c.objc; path = main.m; sourceTree = "<group>"; };
		2FE12AAB15C1462100B2C6F7 /* DUAppDelegate.h */ = {isa = PBXFileReference; lastKnownFileType = sourcecode.c.h; path = DUAppDelegate.h; sourceTree = "<group>"; };
		2FE12AAC15C1462100B2C6F7 /* DUAppDelegate.m */ = {isa = PBXFileReference; lastKnownFileType = sourcecode.c.objc; path = DUAppDelegate.m; sourceTree = "<group>"; };
		2FE12AAF15C1462100B2C6F7 /* en */ = {isa = PBXFileReference; lastKnownFileType = file.xib; name = en; path = en.lproj/MainWindow.xib; sourceTree = "<group>"; };
		2FE12AB115C1462100B2C6F7 /* RootViewController.h */ = {isa = PBXFileReference; lastKnownFileType = sourcecode.c.h; path = RootViewController.h; sourceTree = "<group>"; };
		2FE12AB215C1462100B2C6F7 /* RootViewController.m */ = {isa = PBXFileReference; lastKnownFileType = sourcecode.c.objc; path = RootViewController.m; sourceTree = "<group>"; };
		2FE12AB515C1462100B2C6F7 /* en */ = {isa = PBXFileReference; lastKnownFileType = file.xib; name = en; path = en.lproj/RootViewController.xib; sourceTree = "<group>"; };
		2FE12ABC15C1462100B2C6F7 /* DuchessTests.octest */ = {isa = PBXFileReference; explicitFileType = wrapper.cfbundle; includeInIndex = 0; path = DuchessTests.octest; sourceTree = BUILT_PRODUCTS_DIR; };
		2FE12AC415C1462100B2C6F7 /* DuchessTests-Info.plist */ = {isa = PBXFileReference; lastKnownFileType = text.plist.xml; path = "DuchessTests-Info.plist"; sourceTree = "<group>"; };
		2FE12AC615C1462100B2C6F7 /* en */ = {isa = PBXFileReference; lastKnownFileType = text.plist.strings; name = en; path = en.lproj/InfoPlist.strings; sourceTree = "<group>"; };
		2FE12AC815C1462100B2C6F7 /* DuchessTests-Prefix.pch */ = {isa = PBXFileReference; lastKnownFileType = sourcecode.c.h; path = "DuchessTests-Prefix.pch"; sourceTree = "<group>"; };
		2FE12AC915C1462100B2C6F7 /* DuchessTests.h */ = {isa = PBXFileReference; lastKnownFileType = sourcecode.c.h; path = DuchessTests.h; sourceTree = "<group>"; };
		2FE12ACB15C1462100B2C6F7 /* DuchessTests.m */ = {isa = PBXFileReference; lastKnownFileType = sourcecode.c.objc; path = DuchessTests.m; sourceTree = "<group>"; };
		2FE12ADE15C1497A00B2C6F7 /* DUEvent.h */ = {isa = PBXFileReference; fileEncoding = 4; lastKnownFileType = sourcecode.c.h; path = DUEvent.h; sourceTree = "<group>"; };
		2FE12ADF15C1497A00B2C6F7 /* DUEvent.m */ = {isa = PBXFileReference; fileEncoding = 4; lastKnownFileType = sourcecode.c.objc; path = DUEvent.m; sourceTree = "<group>"; };
		470F860715C5D87B0073AD88 /* CSLinearLayoutItem.h */ = {isa = PBXFileReference; fileEncoding = 4; lastKnownFileType = sourcecode.c.h; path = CSLinearLayoutItem.h; sourceTree = "<group>"; };
		470F860815C5D87B0073AD88 /* CSLinearLayoutItem.m */ = {isa = PBXFileReference; fileEncoding = 4; lastKnownFileType = sourcecode.c.objc; path = CSLinearLayoutItem.m; sourceTree = "<group>"; };
		470F860915C5D87B0073AD88 /* CSLinearLayoutView.h */ = {isa = PBXFileReference; fileEncoding = 4; lastKnownFileType = sourcecode.c.h; path = CSLinearLayoutView.h; sourceTree = "<group>"; };
		470F860A15C5D87B0073AD88 /* CSLinearLayoutView.m */ = {isa = PBXFileReference; fileEncoding = 4; lastKnownFileType = sourcecode.c.objc; path = CSLinearLayoutView.m; sourceTree = "<group>"; };
		4713B59315E92F5A00A45687 /* DashboardButtonBackgroundNormal.png */ = {isa = PBXFileReference; lastKnownFileType = image.png; path = DashboardButtonBackgroundNormal.png; sourceTree = "<group>"; };
		4713B59415E92F5A00A45687 /* DashboardButtonBackgroundSelected.png */ = {isa = PBXFileReference; lastKnownFileType = image.png; path = DashboardButtonBackgroundSelected.png; sourceTree = "<group>"; };
		4713B59B15E93B6200A45687 /* bookmark_dashboard_icon.png */ = {isa = PBXFileReference; lastKnownFileType = image.png; path = bookmark_dashboard_icon.png; sourceTree = "<group>"; };
		4713B59C15E93B6200A45687 /* browse_dashboard_icon.png */ = {isa = PBXFileReference; lastKnownFileType = image.png; path = browse_dashboard_icon.png; sourceTree = "<group>"; };
		4713B59D15E93B6200A45687 /* calendar_dashboard_icon.png */ = {isa = PBXFileReference; lastKnownFileType = image.png; path = calendar_dashboard_icon.png; sourceTree = "<group>"; };
		4713B59E15E93B6200A45687 /* college_dashboard_icon.png */ = {isa = PBXFileReference; lastKnownFileType = image.png; path = college_dashboard_icon.png; sourceTree = "<group>"; };
		4713B59F15E93B6200A45687 /* my_society_dashboard_icon.png */ = {isa = PBXFileReference; lastKnownFileType = image.png; path = my_society_dashboard_icon.png; sourceTree = "<group>"; };
		4713B5A015E93B6200A45687 /* society_dashboard_icon.png */ = {isa = PBXFileReference; lastKnownFileType = image.png; path = society_dashboard_icon.png; sourceTree = "<group>"; };
		4713B5A815E95F5A00A45687 /* DUReviewXMLParser.h */ = {isa = PBXFileReference; fileEncoding = 4; lastKnownFileType = sourcecode.c.h; path = DUReviewXMLParser.h; sourceTree = "<group>"; };
		4713B5A915E95F5A00A45687 /* DUReviewXMLParser.m */ = {isa = PBXFileReference; fileEncoding = 4; lastKnownFileType = sourcecode.c.objc; path = DUReviewXMLParser.m; sourceTree = "<group>"; };
		4781009615EA8ADD002FBC67 /* DUEventListViewController.h */ = {isa = PBXFileReference; fileEncoding = 4; lastKnownFileType = sourcecode.c.h; path = DUEventListViewController.h; sourceTree = "<group>"; };
		4781009715EA8ADD002FBC67 /* DUEventListViewController.m */ = {isa = PBXFileReference; fileEncoding = 4; lastKnownFileType = sourcecode.c.objc; path = DUEventListViewController.m; sourceTree = "<group>"; };
		4781009915EAD7F2002FBC67 /* DUCollegeEventsViewController.h */ = {isa = PBXFileReference; fileEncoding = 4; lastKnownFileType = sourcecode.c.h; path = DUCollegeEventsViewController.h; sourceTree = "<group>"; };
		4781009A15EAD7F2002FBC67 /* DUCollegeEventsViewController.m */ = {isa = PBXFileReference; fileEncoding = 4; lastKnownFileType = sourcecode.c.objc; path = DUCollegeEventsViewController.m; sourceTree = "<group>"; };
		4781009B15EAD7F2002FBC67 /* DUCollegeEventsViewController.xib */ = {isa = PBXFileReference; fileEncoding = 4; lastKnownFileType = file.xib; path = DUCollegeEventsViewController.xib; sourceTree = "<group>"; };
		478100A115EAE4A7002FBC67 /* DUAboutViewController.h */ = {isa = PBXFileReference; fileEncoding = 4; lastKnownFileType = sourcecode.c.h; path = DUAboutViewController.h; sourceTree = "<group>"; };
		478100A215EAE4A7002FBC67 /* DUAboutViewController.m */ = {isa = PBXFileReference; fileEncoding = 4; lastKnownFileType = sourcecode.c.objc; path = DUAboutViewController.m; sourceTree = "<group>"; };
		478100A315EAE4A7002FBC67 /* DUAboutViewController.xib */ = {isa = PBXFileReference; fileEncoding = 4; lastKnownFileType = file.xib; path = DUAboutViewController.xib; sourceTree = "<group>"; };
		478CCEAE15E2C3E400419CD7 /* DUDashboardViewController.h */ = {isa = PBXFileReference; fileEncoding = 4; lastKnownFileType = sourcecode.c.h; name = DUDashboardViewController.h; path = ../DUDashboardViewController.h; sourceTree = "<group>"; };
		478CCEAF15E2C3E400419CD7 /* DUDashboardViewController.m */ = {isa = PBXFileReference; fileEncoding = 4; lastKnownFileType = sourcecode.c.objc; name = DUDashboardViewController.m; path = ../DUDashboardViewController.m; sourceTree = "<group>"; };
		478CCEB015E2C3E400419CD7 /* DUDashboardView.xib */ = {isa = PBXFileReference; fileEncoding = 4; lastKnownFileType = file.xib; name = DUDashboardView.xib; path = ../DUDashboardView.xib; sourceTree = "<group>"; };
		4793FDB615E4EAFC007135BA /* DURoundedBorderLabel.h */ = {isa = PBXFileReference; fileEncoding = 4; lastKnownFileType = sourcecode.c.h; path = DURoundedBorderLabel.h; sourceTree = "<group>"; };
		4793FDB715E4EAFC007135BA /* DURoundedBorderLabel.m */ = {isa = PBXFileReference; fileEncoding = 4; lastKnownFileType = sourcecode.c.objc; path = DURoundedBorderLabel.m; sourceTree = "<group>"; };
		47E03FCA15EB7C0700DC2250 /* SessionHandler.h */ = {isa = PBXFileReference; fileEncoding = 4; lastKnownFileType = sourcecode.c.h; path = SessionHandler.h; sourceTree = "<group>"; };
		47E03FCB15EB7C0700DC2250 /* SessionHandler.m */ = {isa = PBXFileReference; fileEncoding = 4; lastKnownFileType = sourcecode.c.objc; path = SessionHandler.m; sourceTree = "<group>"; };
		47FF471815E7F5F6002F10D6 /* DUDashboardBackground.h */ = {isa = PBXFileReference; fileEncoding = 4; lastKnownFileType = sourcecode.c.h; path = DUDashboardBackground.h; sourceTree = "<group>"; };
		47FF471915E7F5F6002F10D6 /* DUDashboardBackground.m */ = {isa = PBXFileReference; fileEncoding = 4; lastKnownFileType = sourcecode.c.objc; path = DUDashboardBackground.m; sourceTree = "<group>"; };
/* End PBXFileReference section */

/* Begin PBXFrameworksBuildPhase section */
		2FE12A9515C1462000B2C6F7 /* Frameworks */ = {
			isa = PBXFrameworksBuildPhase;
			buildActionMask = 2147483647;
			files = (
				2F4E62E015C67F0B008815F9 /* QuartzCore.framework in Frameworks */,
				2FCCAE1E15C2DAC400CC3D61 /* SystemConfiguration.framework in Frameworks */,
				2FE12A9D15C1462100B2C6F7 /* UIKit.framework in Frameworks */,
				2FE12A9F15C1462100B2C6F7 /* Foundation.framework in Frameworks */,
				2FE12AA115C1462100B2C6F7 /* CoreGraphics.framework in Frameworks */,
			);
			runOnlyForDeploymentPostprocessing = 0;
		};
		2FE12AB815C1462100B2C6F7 /* Frameworks */ = {
			isa = PBXFrameworksBuildPhase;
			buildActionMask = 2147483647;
			files = (
				2FE12ABD15C1462100B2C6F7 /* UIKit.framework in Frameworks */,
				2FE12ABE15C1462100B2C6F7 /* Foundation.framework in Frameworks */,
				2FE12ABF15C1462100B2C6F7 /* CoreGraphics.framework in Frameworks */,
			);
			runOnlyForDeploymentPostprocessing = 0;
		};
/* End PBXFrameworksBuildPhase section */

/* Begin PBXGroup section */
		2F4E632B15C6E3D9008815F9 /* Icons */ = {
			isa = PBXGroup;
			children = (
				4713B59B15E93B6200A45687 /* bookmark_dashboard_icon.png */,
				4713B59C15E93B6200A45687 /* browse_dashboard_icon.png */,
				4713B59D15E93B6200A45687 /* calendar_dashboard_icon.png */,
				4713B59E15E93B6200A45687 /* college_dashboard_icon.png */,
				4713B59F15E93B6200A45687 /* my_society_dashboard_icon.png */,
				4713B5A015E93B6200A45687 /* society_dashboard_icon.png */,
				4713B59315E92F5A00A45687 /* DashboardButtonBackgroundNormal.png */,
				4713B59415E92F5A00A45687 /* DashboardButtonBackgroundSelected.png */,
			);
			name = Icons;
			sourceTree = "<group>";
		};
		2F7DD68F15C16C4C007BB3BE /* XML */ = {
			isa = PBXGroup;
			children = (
				2F7DD69815C16CBB007BB3BE /* DUEventXMLParser.h */,
				2F7DD69915C16CBB007BB3BE /* DUEventXMLParser.m */,
				4713B5A815E95F5A00A45687 /* DUReviewXMLParser.h */,
				4713B5A915E95F5A00A45687 /* DUReviewXMLParser.m */,
				2FD405EF15ECEABC00F5B8A6 /* DUSocietyXMLParser.h */,
				2FD405F015ECEABC00F5B8A6 /* DUSocietyXMLParser.m */,
			);
			name = XML;
			sourceTree = "<group>";
		};
		2F7DD69B15C17560007BB3BE /* Data */ = {
			isa = PBXGroup;
			children = (
				2F7DD69C15C1757D007BB3BE /* DUNetworkedDataProvider.h */,
				2F7DD69D15C1757D007BB3BE /* DUNetworkedDataProvider.m */,
				2F7DD69F15C193C6007BB3BE /* DUDataSingleton.h */,
				2F7DD6A015C193C6007BB3BE /* DUDataSingleton.m */,
				47E03FCA15EB7C0700DC2250 /* SessionHandler.h */,
				47E03FCB15EB7C0700DC2250 /* SessionHandler.m */,
			);
			name = Data;
			sourceTree = "<group>";
		};
		2FE12A8D15C1462000B2C6F7 = {
			isa = PBXGroup;
			children = (
				2FE12AA215C1462100B2C6F7 /* Duchess */,
				2FE12AC215C1462100B2C6F7 /* DuchessTests */,
				2FE12A9B15C1462000B2C6F7 /* Frameworks */,
				2FE12A9915C1462000B2C6F7 /* Products */,
			);
			sourceTree = "<group>";
		};
		2FE12A9915C1462000B2C6F7 /* Products */ = {
			isa = PBXGroup;
			children = (
				2FE12A9815C1462000B2C6F7 /* Duchess.app */,
				2FE12ABC15C1462100B2C6F7 /* DuchessTests.octest */,
			);
			name = Products;
			sourceTree = "<group>";
		};
		2FE12A9B15C1462000B2C6F7 /* Frameworks */ = {
			isa = PBXGroup;
			children = (
				2F4E62DF15C67F0B008815F9 /* QuartzCore.framework */,
				2FCCAE1D15C2DAC400CC3D61 /* SystemConfiguration.framework */,
				2FE12A9C15C1462100B2C6F7 /* UIKit.framework */,
				2FE12A9E15C1462100B2C6F7 /* Foundation.framework */,
				2FE12AA015C1462100B2C6F7 /* CoreGraphics.framework */,
			);
			name = Frameworks;
			sourceTree = "<group>";
		};
		2FE12AA215C1462100B2C6F7 /* Duchess */ = {
			isa = PBXGroup;
			children = (
				47FF471715E7F56A002F10D6 /* Controller */,
				4785266915C1D1780075AB21 /* View */,
				2FE12AD515C1488400B2C6F7 /* Model */,
				2FE12AAB15C1462100B2C6F7 /* DUAppDelegate.h */,
				2FE12AAC15C1462100B2C6F7 /* DUAppDelegate.m */,
				2FE12AAE15C1462100B2C6F7 /* MainWindow.xib */,
				2FE12AA315C1462100B2C6F7 /* Supporting Files */,
			);
			path = Duchess;
			sourceTree = "<group>";
		};
		2FE12AA315C1462100B2C6F7 /* Supporting Files */ = {
			isa = PBXGroup;
			children = (
				2F4E632B15C6E3D9008815F9 /* Icons */,
				470F860715C5D87B0073AD88 /* CSLinearLayoutItem.h */,
				470F860815C5D87B0073AD88 /* CSLinearLayoutItem.m */,
				470F860915C5D87B0073AD88 /* CSLinearLayoutView.h */,
				470F860A15C5D87B0073AD88 /* CSLinearLayoutView.m */,
				2FCCAE1A15C2DA9E00CC3D61 /* Reachability.h */,
				2FCCAE1B15C2DA9E00CC3D61 /* Reachability.m */,
				2FE12AA415C1462100B2C6F7 /* Duchess-Info.plist */,
				2FE12AA515C1462100B2C6F7 /* InfoPlist.strings */,
				2FE12AA815C1462100B2C6F7 /* Duchess-Prefix.pch */,
				2FE12AA915C1462100B2C6F7 /* main.m */,
			);
			name = "Supporting Files";
			sourceTree = "<group>";
		};
		2FE12AC215C1462100B2C6F7 /* DuchessTests */ = {
			isa = PBXGroup;
			children = (
				2FE12AC915C1462100B2C6F7 /* DuchessTests.h */,
				2FE12ACB15C1462100B2C6F7 /* DuchessTests.m */,
				2FE12AC315C1462100B2C6F7 /* Supporting Files */,
			);
			path = DuchessTests;
			sourceTree = "<group>";
		};
		2FE12AC315C1462100B2C6F7 /* Supporting Files */ = {
			isa = PBXGroup;
			children = (
				2FE12AC415C1462100B2C6F7 /* DuchessTests-Info.plist */,
				2FE12AC515C1462100B2C6F7 /* InfoPlist.strings */,
				2FE12AC815C1462100B2C6F7 /* DuchessTests-Prefix.pch */,
			);
			name = "Supporting Files";
			sourceTree = "<group>";
		};
		2FE12AD515C1488400B2C6F7 /* Model */ = {
			isa = PBXGroup;
			children = (
				2F7DD69B15C17560007BB3BE /* Data */,
				2F7DD68F15C16C4C007BB3BE /* XML */,
				2FE12ADE15C1497A00B2C6F7 /* DUEvent.h */,
				2FE12ADF15C1497A00B2C6F7 /* DUEvent.m */,
				2F7DD68B15C15E30007BB3BE /* DUUser.h */,
				2F7DD68C15C15E30007BB3BE /* DUUser.m */,
				2FDC2FC515E237DB0026B917 /* DUReview.h */,
				2FDC2FC615E237DB0026B917 /* DUReview.m */,
				2FDC2FC815E23D440026B917 /* DUSociety.h */,
				2FDC2FC915E23D440026B917 /* DUSociety.m */,
				2FDC2FCB15E244480026B917 /* DULocation.h */,
				2FDC2FCC15E244480026B917 /* DULocation.m */,
			);
			name = Model;
			sourceTree = "<group>";
		};
		4785266915C1D1780075AB21 /* View */ = {
			isa = PBXGroup;
			children = (
				478100A315EAE4A7002FBC67 /* DUAboutViewController.xib */,
				478CCEB015E2C3E400419CD7 /* DUDashboardView.xib */,
				2FE12AB415C1462100B2C6F7 /* RootViewController.xib */,
				2FCCAE1815C2A60300CC3D61 /* DUCustomEventTableViewCell.xib */,
				2FCCAE2315C2E7D600CC3D61 /* DUEventDetailsView.xib */,
				4781009B15EAD7F2002FBC67 /* DUCollegeEventsViewController.xib */,
				4793FDB615E4EAFC007135BA /* DURoundedBorderLabel.h */,
				4793FDB715E4EAFC007135BA /* DURoundedBorderLabel.m */,
				47FF471815E7F5F6002F10D6 /* DUDashboardBackground.h */,
				47FF471915E7F5F6002F10D6 /* DUDashboardBackground.m */,
			);
			name = View;
			sourceTree = "<group>";
		};
		47FF471715E7F56A002F10D6 /* Controller */ = {
			isa = PBXGroup;
			children = (
				478100A115EAE4A7002FBC67 /* DUAboutViewController.h */,
				478100A215EAE4A7002FBC67 /* DUAboutViewController.m */,
				478CCEAE15E2C3E400419CD7 /* DUDashboardViewController.h */,
				478CCEAF15E2C3E400419CD7 /* DUDashboardViewController.m */,
				2FE12AB115C1462100B2C6F7 /* RootViewController.h */,
				2FE12AB215C1462100B2C6F7 /* RootViewController.m */,
				2FCCAE2115C2E7D600CC3D61 /* DUEventDetailsViewController.h */,
				2FCCAE2215C2E7D600CC3D61 /* DUEventDetailsViewController.m */,
				4781009615EA8ADD002FBC67 /* DUEventListViewController.h */,
				4781009715EA8ADD002FBC67 /* DUEventListViewController.m */,
				4781009915EAD7F2002FBC67 /* DUCollegeEventsViewController.h */,
				4781009A15EAD7F2002FBC67 /* DUCollegeEventsViewController.m */,
			);
			name = Controller;
			sourceTree = "<group>";
		};
/* End PBXGroup section */

/* Begin PBXNativeTarget section */
		2FE12A9715C1462000B2C6F7 /* Duchess */ = {
			isa = PBXNativeTarget;
			buildConfigurationList = 2FE12ACF15C1462100B2C6F7 /* Build configuration list for PBXNativeTarget "Duchess" */;
			buildPhases = (
				2FE12A9415C1462000B2C6F7 /* Sources */,
				2FE12A9515C1462000B2C6F7 /* Frameworks */,
				2FE12A9615C1462000B2C6F7 /* Resources */,
			);
			buildRules = (
			);
			dependencies = (
			);
			name = Duchess;
			productName = Duchess;
			productReference = 2FE12A9815C1462000B2C6F7 /* Duchess.app */;
			productType = "com.apple.product-type.application";
		};
		2FE12ABB15C1462100B2C6F7 /* DuchessTests */ = {
			isa = PBXNativeTarget;
			buildConfigurationList = 2FE12AD215C1462100B2C6F7 /* Build configuration list for PBXNativeTarget "DuchessTests" */;
			buildPhases = (
				2FE12AB715C1462100B2C6F7 /* Sources */,
				2FE12AB815C1462100B2C6F7 /* Frameworks */,
				2FE12AB915C1462100B2C6F7 /* Resources */,
				2FE12ABA15C1462100B2C6F7 /* ShellScript */,
			);
			buildRules = (
			);
			dependencies = (
				2FE12AC115C1462100B2C6F7 /* PBXTargetDependency */,
			);
			name = DuchessTests;
			productName = DuchessTests;
			productReference = 2FE12ABC15C1462100B2C6F7 /* DuchessTests.octest */;
			productType = "com.apple.product-type.bundle";
		};
/* End PBXNativeTarget section */

/* Begin PBXProject section */
		2FE12A8F15C1462000B2C6F7 /* Project object */ = {
			isa = PBXProject;
			attributes = {
				LastUpgradeCheck = 0440;
			};
			buildConfigurationList = 2FE12A9215C1462000B2C6F7 /* Build configuration list for PBXProject "Duchess" */;
			compatibilityVersion = "Xcode 3.2";
			developmentRegion = English;
			hasScannedForEncodings = 0;
			knownRegions = (
				en,
			);
			mainGroup = 2FE12A8D15C1462000B2C6F7;
			productRefGroup = 2FE12A9915C1462000B2C6F7 /* Products */;
			projectDirPath = "";
			projectRoot = "";
			targets = (
				2FE12A9715C1462000B2C6F7 /* Duchess */,
				2FE12ABB15C1462100B2C6F7 /* DuchessTests */,
			);
		};
/* End PBXProject section */

/* Begin PBXResourcesBuildPhase section */
		2FE12A9615C1462000B2C6F7 /* Resources */ = {
			isa = PBXResourcesBuildPhase;
			buildActionMask = 2147483647;
			files = (
				47E03FC915EB771500DC2250 /* DUEventDetailsView.xib in Resources */,
				2FE12AA715C1462100B2C6F7 /* InfoPlist.strings in Resources */,
				2FE12AB015C1462100B2C6F7 /* MainWindow.xib in Resources */,
				2FE12AB615C1462100B2C6F7 /* RootViewController.xib in Resources */,
				2FCCAE1915C2A60300CC3D61 /* DUCustomEventTableViewCell.xib in Resources */,
				478CCEB215E2C3E400419CD7 /* DUDashboardView.xib in Resources */,
				4713B59515E92F5A00A45687 /* DashboardButtonBackgroundNormal.png in Resources */,
				4713B59615E92F5A00A45687 /* DashboardButtonBackgroundSelected.png in Resources */,
				4713B5A115E93B6200A45687 /* bookmark_dashboard_icon.png in Resources */,
				4713B5A215E93B6200A45687 /* browse_dashboard_icon.png in Resources */,
				4713B5A315E93B6200A45687 /* calendar_dashboard_icon.png in Resources */,
				4713B5A415E93B6200A45687 /* college_dashboard_icon.png in Resources */,
				4713B5A515E93B6200A45687 /* my_society_dashboard_icon.png in Resources */,
				4713B5A615E93B6200A45687 /* society_dashboard_icon.png in Resources */,
				4781009D15EAD7F2002FBC67 /* DUCollegeEventsViewController.xib in Resources */,
				478100A515EAE4A7002FBC67 /* DUAboutViewController.xib in Resources */,
			);
			runOnlyForDeploymentPostprocessing = 0;
		};
		2FE12AB915C1462100B2C6F7 /* Resources */ = {
			isa = PBXResourcesBuildPhase;
			buildActionMask = 2147483647;
			files = (
				2FE12AC715C1462100B2C6F7 /* InfoPlist.strings in Resources */,
				2FE12ACA15C1462100B2C6F7 /* DuchessTests.h in Resources */,
			);
			runOnlyForDeploymentPostprocessing = 0;
		};
/* End PBXResourcesBuildPhase section */

/* Begin PBXShellScriptBuildPhase section */
		2FE12ABA15C1462100B2C6F7 /* ShellScript */ = {
			isa = PBXShellScriptBuildPhase;
			buildActionMask = 2147483647;
			files = (
			);
			inputPaths = (
			);
			outputPaths = (
			);
			runOnlyForDeploymentPostprocessing = 0;
			shellPath = /bin/sh;
			shellScript = "# Run the unit tests in this test bundle.\n\"${SYSTEM_DEVELOPER_DIR}/Tools/RunUnitTests\"\n";
		};
/* End PBXShellScriptBuildPhase section */

/* Begin PBXSourcesBuildPhase section */
		2FE12A9415C1462000B2C6F7 /* Sources */ = {
			isa = PBXSourcesBuildPhase;
			buildActionMask = 2147483647;
			files = (
				47E03FC815EB754300DC2250 /* DUEventDetailsViewController.m in Sources */,
				2F4E62E115C67F5D008815F9 /* CSLinearLayoutItem.m in Sources */,
				2F4E62E215C67F5D008815F9 /* CSLinearLayoutView.m in Sources */,
				2FE12AAA15C1462100B2C6F7 /* main.m in Sources */,
				2FE12AAD15C1462100B2C6F7 /* DUAppDelegate.m in Sources */,
				2FE12AB315C1462100B2C6F7 /* RootViewController.m in Sources */,
				2FE12AE015C1497A00B2C6F7 /* DUEvent.m in Sources */,
				2F7DD68D15C15E30007BB3BE /* DUUser.m in Sources */,
				2F7DD69A15C16CBB007BB3BE /* DUEventXMLParser.m in Sources */,
				2F7DD69E15C1757D007BB3BE /* DUNetworkedDataProvider.m in Sources */,
				2F7DD6A115C193C6007BB3BE /* DUDataSingleton.m in Sources */,
				2FCCAE1C15C2DA9E00CC3D61 /* Reachability.m in Sources */,
				2FDC2FC715E237DB0026B917 /* DUReview.m in Sources */,
				2FDC2FCA15E23D440026B917 /* DUSociety.m in Sources */,
				2FDC2FCD15E244480026B917 /* DULocation.m in Sources */,
				478CCEB115E2C3E400419CD7 /* DUDashboardViewController.m in Sources */,
				4793FDB815E4EAFC007135BA /* DURoundedBorderLabel.m in Sources */,
				47FF471A15E7F5F6002F10D6 /* DUDashboardBackground.m in Sources */,
				4713B5AA15E95F5A00A45687 /* DUReviewXMLParser.m in Sources */,
				4781009815EA8ADD002FBC67 /* DUEventListViewController.m in Sources */,
				4781009C15EAD7F2002FBC67 /* DUCollegeEventsViewController.m in Sources */,
				478100A415EAE4A7002FBC67 /* DUAboutViewController.m in Sources */,
				47E03FCC15EB7C0700DC2250 /* SessionHandler.m in Sources */,
				2FD405F115ECEABC00F5B8A6 /* DUSocietyXMLParser.m in Sources */,
			);
			runOnlyForDeploymentPostprocessing = 0;
		};
		2FE12AB715C1462100B2C6F7 /* Sources */ = {
			isa = PBXSourcesBuildPhase;
			buildActionMask = 2147483647;
			files = (
				2FE12ACC15C1462100B2C6F7 /* DuchessTests.m in Sources */,
				470F860B15C5D87B0073AD88 /* CSLinearLayoutItem.m in Sources */,
				470F860C15C5D87B0073AD88 /* CSLinearLayoutView.m in Sources */,
			);
			runOnlyForDeploymentPostprocessing = 0;
		};
/* End PBXSourcesBuildPhase section */

/* Begin PBXTargetDependency section */
		2FE12AC115C1462100B2C6F7 /* PBXTargetDependency */ = {
			isa = PBXTargetDependency;
			target = 2FE12A9715C1462000B2C6F7 /* Duchess */;
			targetProxy = 2FE12AC015C1462100B2C6F7 /* PBXContainerItemProxy */;
		};
/* End PBXTargetDependency section */

/* Begin PBXVariantGroup section */
		2FE12AA515C1462100B2C6F7 /* InfoPlist.strings */ = {
			isa = PBXVariantGroup;
			children = (
				2FE12AA615C1462100B2C6F7 /* en */,
			);
			name = InfoPlist.strings;
			sourceTree = "<group>";
		};
		2FE12AAE15C1462100B2C6F7 /* MainWindow.xib */ = {
			isa = PBXVariantGroup;
			children = (
				2FE12AAF15C1462100B2C6F7 /* en */,
			);
			name = MainWindow.xib;
			sourceTree = "<group>";
		};
		2FE12AB415C1462100B2C6F7 /* RootViewController.xib */ = {
			isa = PBXVariantGroup;
			children = (
				2FE12AB515C1462100B2C6F7 /* en */,
			);
			name = RootViewController.xib;
			sourceTree = "<group>";
		};
		2FE12AC515C1462100B2C6F7 /* InfoPlist.strings */ = {
			isa = PBXVariantGroup;
			children = (
				2FE12AC615C1462100B2C6F7 /* en */,
			);
			name = InfoPlist.strings;
			sourceTree = "<group>";
		};
/* End PBXVariantGroup section */

/* Begin XCBuildConfiguration section */
		2FE12ACD15C1462100B2C6F7 /* Debug */ = {
			isa = XCBuildConfiguration;
			buildSettings = {
				ARCHS = "$(ARCHS_STANDARD_32_BIT)";
				"CODE_SIGN_IDENTITY[sdk=iphoneos*]" = "iPhone Developer";
				GCC_C_LANGUAGE_STANDARD = gnu99;
				GCC_OPTIMIZATION_LEVEL = 0;
				GCC_PREPROCESSOR_DEFINITIONS = DEBUG;
				GCC_SYMBOLS_PRIVATE_EXTERN = NO;
				GCC_VERSION = com.apple.compilers.llvmgcc42;
				GCC_WARN_ABOUT_RETURN_TYPE = YES;
				GCC_WARN_UNUSED_VARIABLE = YES;
				IPHONEOS_DEPLOYMENT_TARGET = 4.3;
				SDKROOT = iphoneos;
				STRIP_INSTALLED_PRODUCT = NO;
			};
			name = Debug;
		};
		2FE12ACE15C1462100B2C6F7 /* Release */ = {
			isa = XCBuildConfiguration;
			buildSettings = {
				ARCHS = "$(ARCHS_STANDARD_32_BIT)";
				"CODE_SIGN_IDENTITY[sdk=iphoneos*]" = "iPhone Developer";
				GCC_C_LANGUAGE_STANDARD = gnu99;
				GCC_VERSION = com.apple.compilers.llvmgcc42;
				GCC_WARN_ABOUT_RETURN_TYPE = YES;
				GCC_WARN_UNUSED_VARIABLE = YES;
				IPHONEOS_DEPLOYMENT_TARGET = 4.3;
				OTHER_CFLAGS = "-DNS_BLOCK_ASSERTIONS=1";
				SDKROOT = iphoneos;
				STRIP_INSTALLED_PRODUCT = NO;
			};
			name = Release;
		};
		2FE12AD015C1462100B2C6F7 /* Debug */ = {
			isa = XCBuildConfiguration;
			buildSettings = {
				ALWAYS_SEARCH_USER_PATHS = NO;
				CLANG_ENABLE_OBJC_ARC = YES;
				COPY_PHASE_STRIP = NO;
				GCC_DYNAMIC_NO_PIC = NO;
				GCC_PRECOMPILE_PREFIX_HEADER = YES;
				GCC_PREFIX_HEADER = "Duchess/Duchess-Prefix.pch";
				GCC_VERSION = com.apple.compilers.llvm.clang.1_0;
				INFOPLIST_FILE = "Duchess/Duchess-Info.plist";
				IPHONEOS_DEPLOYMENT_TARGET = 4.3;
				ONLY_ACTIVE_ARCH = NO;
				PRODUCT_NAME = "$(TARGET_NAME)";
				WRAPPER_EXTENSION = app;
			};
			name = Debug;
		};
		2FE12AD115C1462100B2C6F7 /* Release */ = {
			isa = XCBuildConfiguration;
			buildSettings = {
				ALWAYS_SEARCH_USER_PATHS = NO;
				CLANG_ENABLE_OBJC_ARC = YES;
				COPY_PHASE_STRIP = YES;
				GCC_PRECOMPILE_PREFIX_HEADER = YES;
				GCC_PREFIX_HEADER = "Duchess/Duchess-Prefix.pch";
				GCC_VERSION = com.apple.compilers.llvm.clang.1_0;
				INFOPLIST_FILE = "Duchess/Duchess-Info.plist";
				IPHONEOS_DEPLOYMENT_TARGET = 4.3;
				ONLY_ACTIVE_ARCH = NO;
				PRODUCT_NAME = "$(TARGET_NAME)";
				VALIDATE_PRODUCT = YES;
				WRAPPER_EXTENSION = app;
			};
			name = Release;
		};
		2FE12AD315C1462100B2C6F7 /* Debug */ = {
			isa = XCBuildConfiguration;
			buildSettings = {
				ALWAYS_SEARCH_USER_PATHS = NO;
				BUNDLE_LOADER = "$(BUILT_PRODUCTS_DIR)/Duchess.app/Duchess";
				CLANG_ENABLE_OBJC_ARC = YES;
				FRAMEWORK_SEARCH_PATHS = (
					"$(SDKROOT)/Developer/Library/Frameworks",
					"$(DEVELOPER_LIBRARY_DIR)/Frameworks",
				);
				GCC_PRECOMPILE_PREFIX_HEADER = YES;
				GCC_PREFIX_HEADER = "DuchessTests/DuchessTests-Prefix.pch";
				GCC_VERSION = com.apple.compilers.llvm.clang.1_0;
				INFOPLIST_FILE = "DuchessTests/DuchessTests-Info.plist";
				OTHER_LDFLAGS = (
					"-framework",
					SenTestingKit,
				);
				PRODUCT_NAME = "$(TARGET_NAME)";
				TEST_HOST = "$(BUNDLE_LOADER)";
				WRAPPER_EXTENSION = octest;
			};
			name = Debug;
		};
		2FE12AD415C1462100B2C6F7 /* Release */ = {
			isa = XCBuildConfiguration;
			buildSettings = {
				ALWAYS_SEARCH_USER_PATHS = NO;
				BUNDLE_LOADER = "$(BUILT_PRODUCTS_DIR)/Duchess.app/Duchess";
				CLANG_ENABLE_OBJC_ARC = YES;
				FRAMEWORK_SEARCH_PATHS = (
					"$(SDKROOT)/Developer/Library/Frameworks",
					"$(DEVELOPER_LIBRARY_DIR)/Frameworks",
				);
				GCC_PRECOMPILE_PREFIX_HEADER = YES;
				GCC_PREFIX_HEADER = "DuchessTests/DuchessTests-Prefix.pch";
				GCC_VERSION = com.apple.compilers.llvm.clang.1_0;
				INFOPLIST_FILE = "DuchessTests/DuchessTests-Info.plist";
				OTHER_LDFLAGS = (
					"-framework",
					SenTestingKit,
				);
				PRODUCT_NAME = "$(TARGET_NAME)";
				TEST_HOST = "$(BUNDLE_LOADER)";
				WRAPPER_EXTENSION = octest;
			};
			name = Release;
		};
/* End XCBuildConfiguration section */

/* Begin XCConfigurationList section */
		2FE12A9215C1462000B2C6F7 /* Build configuration list for PBXProject "Duchess" */ = {
			isa = XCConfigurationList;
			buildConfigurations = (
				2FE12ACD15C1462100B2C6F7 /* Debug */,
				2FE12ACE15C1462100B2C6F7 /* Release */,
			);
			defaultConfigurationIsVisible = 0;
			defaultConfigurationName = Release;
		};
		2FE12ACF15C1462100B2C6F7 /* Build configuration list for PBXNativeTarget "Duchess" */ = {
			isa = XCConfigurationList;
			buildConfigurations = (
				2FE12AD015C1462100B2C6F7 /* Debug */,
				2FE12AD115C1462100B2C6F7 /* Release */,
			);
			defaultConfigurationIsVisible = 0;
			defaultConfigurationName = Release;
		};
		2FE12AD215C1462100B2C6F7 /* Build configuration list for PBXNativeTarget "DuchessTests" */ = {
			isa = XCConfigurationList;
			buildConfigurations = (
				2FE12AD315C1462100B2C6F7 /* Debug */,
				2FE12AD415C1462100B2C6F7 /* Release */,
			);
			defaultConfigurationIsVisible = 0;
			defaultConfigurationName = Release;
		};
/* End XCConfigurationList section */
	};
	rootObject = 2FE12A8F15C1462000B2C6F7 /* Project object */;
}
